
Microsoft Visual Studio Solution File, Format Version 12.00
# Visual Studio Version 17
VisualStudioVersion = 17.10.35013.160
MinimumVisualStudioVersion = 10.0.40219.1
Project("{FAE04EC0-301F-11D3-BF4B-00C04F79EFBC}") = "Queue", "Queue.csproj", "{604567E6-A49B-4470-A534-52A76A5CB7DD}"
EndProject
Global
	GlobalSection(SolutionConfigurationPlatforms) = preSolution
		Debug|Any CPU = Debug|Any CPU
		Release|Any CPU = Release|Any CPU
	EndGlobalSection
	GlobalSection(ProjectConfigurationPlatforms) = postSolution
		{604567E6-A49B-4470-A534-52A76A5CB7DD}.Debug|Any CPU.ActiveCfg = Debug|Any CPU
		{604567E6-A49B-4470-A534-52A76A5CB7DD}.Debug|Any CPU.Build.0 = Debug|Any CPU
		{604567E6-A49B-4470-A534-52A76A5CB7DD}.Release|Any CPU.ActiveCfg = Release|Any CPU
		{604567E6-A49B-4470-A534-52A76A5CB7DD}.Release|Any CPU.Build.0 = Release|Any CPU
	EndGlobalSection
	GlobalSection(SolutionProperties) = preSolution
		HideSolutionNode = FALSE
	EndGlobalSection
	GlobalSection(ExtensibilityGlobals) = postSolution
		SolutionGuid = {9957F727-0D09-4DA0-8ABE-140EBEB27123}
	EndGlobalSection
EndGlobal
